
Microsoft Visual Studio Solution File, Format Version 12.00
# Visual Studio Version 17
VisualStudioVersion = 17.4.33103.184
MinimumVisualStudioVersion = 10.0.40219.1
Project("{FAE04EC0-301F-11D3-BF4B-00C04F79EFBC}") = "DigitalStudentTicket.Android", "DigitalStudentTicket.Android\DigitalStudentTicket.Android.csproj", "{F5286D6D-EC1A-4B53-978C-6DF05EBD204A}"
EndProject
Project("{FAE04EC0-301F-11D3-BF4B-00C04F79EFBC}") = "DigitalStudentTicket", "DigitalStudentTicket\DigitalStudentTicket.csproj", "{AB1A64B5-3DA6-46D5-9D57-545BD44A8B7C}"
EndProject
Global
	GlobalSection(SolutionConfigurationPlatforms) = preSolution
		Debug|Any CPU = Debug|Any CPU
		Release|Any CPU = Release|Any CPU
	EndGlobalSection
	GlobalSection(ProjectConfigurationPlatforms) = postSolution
		{F5286D6D-EC1A-4B53-978C-6DF05EBD204A}.Debug|Any CPU.ActiveCfg = Debug|Any CPU
		{F5286D6D-EC1A-4B53-978C-6DF05EBD204A}.Debug|Any CPU.Build.0 = Debug|Any CPU
		{F5286D6D-EC1A-4B53-978C-6DF05EBD204A}.Debug|Any CPU.Deploy.0 = Debug|Any CPU
		{F5286D6D-EC1A-4B53-978C-6DF05EBD204A}.Release|Any CPU.ActiveCfg = Release|Any CPU
		{F5286D6D-EC1A-4B53-978C-6DF05EBD204A}.Release|Any CPU.Build.0 = Release|Any CPU
		{F5286D6D-EC1A-4B53-978C-6DF05EBD204A}.Release|Any CPU.Deploy.0 = Release|Any CPU
		{AB1A64B5-3DA6-46D5-9D57-545BD44A8B7C}.Debug|Any CPU.ActiveCfg = Debug|Any CPU
		{AB1A64B5-3DA6-46D5-9D57-545BD44A8B7C}.Debug|Any CPU.Build.0 = Debug|Any CPU
		{AB1A64B5-3DA6-46D5-9D57-545BD44A8B7C}.Debug|Any CPU.Deploy.0 = Debug|Any CPU
		{AB1A64B5-3DA6-46D5-9D57-545BD44A8B7C}.Release|Any CPU.ActiveCfg = Release|Any CPU
		{AB1A64B5-3DA6-46D5-9D57-545BD44A8B7C}.Release|Any CPU.Build.0 = Release|Any CPU
		{AB1A64B5-3DA6-46D5-9D57-545BD44A8B7C}.Release|Any CPU.Deploy.0 = Release|Any CPU
	EndGlobalSection
	GlobalSection(SolutionProperties) = preSolution
		HideSolutionNode = FALSE
	EndGlobalSection
	GlobalSection(ExtensibilityGlobals) = postSolution
		SolutionGuid = {4BCD6C51-CD8D-40A5-924A-F5C6EF56068E}
	EndGlobalSection
EndGlobal
